# Written by .ai/tools/adopt.py. The files below are this repository's
# subscription to the policy set: they are replaced on every upgrade, so
# change them at the set's home, never here. A rule only this repository
# needs goes in .ai/PROJECT_CONTEXT.md, under Local rules.
source: linjingzhu/ai-dev-rule
version: 4.0.0
commit: 261f603137e8818f551db169b30d3c6fea761aa3

343ca2e5727c4f63b4ac4d03686bd2948da22efedd50a22f5efdec8651f31e6c  .agents/skills/auto-dev/SKILL.md
a1499d95abd8447558c535fe5554adcc3c9b988a0a39264a6283d430effe1e94  .agents/skills/auto-dev/agents/openai.yaml
4bc47cb7e2f906bfc50a6b4f27b9f60cebf45a20ccf12106ff58eb1d55d470e3  .ai/CHANGELOG.md
c6e3239ae10c0cba0c07c1249b7191fb15ccb28577959e9f38566dd04cdbd1bb  .ai/CORE.md
7d1faf0801bac55e2ee8c98921ef4dcf7e78cc8efde3cfa295c74b3bc4485454  .ai/EVOLUTION.md
20557edb113421ba836690a53c5979b0e39ba27556743ff175ae7cd330af9c09  .ai/EXECUTION.md
8412b27b2ce180b497a6a0934c5dd1aa8b8d2d955dd0ab54a69180ccbc11e0f0  .ai/HARNESS.md
134766d5148e00b5edee612c32614acb5d6f83cc349b8ae9103f8b6586f83dfe  .ai/LOOP.md
1668cb02b4fe3861d3a16fc435771b7fbdf1f9b9eb454c605d0918f7ecd2553c  .ai/MANAGER.md
4ce8f45a30cf3837a5be50273dbd3ce0d940f3793b2070e01ae92d804e1a15f7  .ai/PROJECT_CONTEXT.template.md
8037d249856759538c92a02ce33394e708d6738a6dcd0f402f4552a210994b09  .ai/REPORTING.md
81eda00992fbc9f458c258ccc36447319914799a8e030dc5ffe27934041a60de  .ai/REPOSITORY.md
fce8cd6957ea27e4862b9e208d6fa89788f412c8d421741713eaf8c9a0026de2  .ai/REVIEW.md
79413ffa83f856304727a02bd6f1e2de5b6aba900949d9956aa4b8a28660fc23  .ai/UX.md
eed40a9f1c7900572bafc4ad6a8e4a7bc585edc9bafed499e64e3febe14b8f1c  .ai/memory/PROJECT_LESSONS.template.md
ff9db9f8556169c368753274e5477e6c541f75a4dfb9281d5701415b8b12e5a0  .ai/tools/README.md
b45b7dbcfcef0458a77ade947ddb527973ab5b0d5b52051d700cbc38453a20fe  .ai/tools/adopt.py
283f4b0a6a6c7d8336cc558c44f105536e28a23a6fb4c66be0051abde4887e32  .ai/tools/check_policy_set.py
4e8cd956e68afceabbcd78f2b2a768ff61cb43d29cc2212e17c38fc4e93a63db  .ai/tools/propagate.py
1a32bdcdbdeb96316bcbeb5cb02744e38d9c7183031662cf4a837a4662c75351  .ai/tools/test_adopt.py
eff386945bb93fc69663a90b4505f53a794a291879abeed3020961778a70cfbd  .ai/tools/test_check_policy_set.py
9c94a751dda70e85be1c573494fc09f55ccdbd07fad6bdc4065492c75afa56de  .claude/agents/adversarial-reviewer.md
ea8fa6974888c353ffa7394a00bbb23b148563ebbe5ef0cac65d96dade01309a  .claude/agents/fast-explorer.md
cdb9cbefe12b3e3562944235d9a20f8413d097854ce8a26b8b0ce169108d652d  .claude/skills/auto-dev/SKILL.md
bd8927fda20783a2c89f253d404b96bbc6e84bf5a0cde18c2e185b5c0882968b  .codex/agents/adversarial-reviewer.toml
985143cdf871ef8d891d6224c3c119d73ffd9660691963653b63840c25ebaaa0  .codex/agents/dispatcher.toml
d2c7624f9aa78d84b31e4d08f0160f01e9d761dcade94ac2ac7e7b752817f9f1  .codex/agents/fast-explorer.toml
cb1c3b7752ca9dd663fe6c04bb03103a3044a443fcc133a6236590530df628d7  AGENTS.md
4664f70d7ca39427bb53e41b78aa9caa9d6f59b0a92e7c6c1b2328220037313d  CLAUDE.md
